{
  "name": "trading-bot",
  "version": "0.0.1",
  "lockfileVersion": 1,
  "requires": true,
  "dependencies": {
    "ccxt": {
      "version": "1.39.52",
      "resolved": "https://registry.npmjs.org/ccxt/-/ccxt-1.39.52.tgz",
      "integrity": "sha512-4ZwHsvfIqziYkGpIf+ahGv1VxZbErYjwp02aTSwA4CDjoTEra0SQzokgQmjfzYlA2qBafYP6icmHaLUeexmnJg=="
    }
  }
}
